{
  "pins" : [
    {
      "identity" : "swiftshell",
      "kind" : "remoteSourceControl",
      "location" : "https://github.com/kareman/SwiftShell",
      "state" : {
        "revision" : "5b2207cd7177567e4efd9366d554c384037ef42f",
        "version" : "5.1.1"
      }
    }
  ],
  "version" : 2
}
